PODS:
  - Flutter (1.0.0)
  - Mapbox-iOS-SDK (5.2.0)
  - mapbox_gl (0.0.1):
    - Flutter
    - Mapbox-iOS-SDK (~> 5.2)
    - SwiftProtobuf (~> 1.0)
  - SwiftProtobuf (1.6.0)

DEPENDENCIES:
  - Flutter (from `.symlinks/flutter/ios`)
  - mapbox_gl (from `/Users/long1eu/IdeaProjects/mapbox_gl/ios/mapbox_gl.podspec`)

SPEC REPOS:
  https://github.com/cocoapods/specs.git:
    - Mapbox-iOS-SDK
    - SwiftProtobuf

EXTERNAL SOURCES:
  Flutter:
    :path: ".symlinks/flutter/ios"
  mapbox_gl:
    :path: "/Users/long1eu/IdeaProjects/mapbox_gl/ios/mapbox_gl.podspec"

SPEC CHECKSUMS:
  Flutter: 58dd7d1b27887414a370fcccb9e645c08ffd7a6a
  Mapbox-iOS-SDK: 3e095b305126d52ba166fe215d847b15b6fbee63
  mapbox_gl: 764d0adefd92a6c47b11217a016288152500a53c
  SwiftProtobuf: e905ca1366405696411aaf174411c4b19c0ef73d

PODFILE CHECKSUM: c6b4a59910c809a0e5a23b6b0b1b1be15d7d4f61

COCOAPODS: 1.7.5
